// !$*UTF8*$!
{
	archiveVersion = 1;
	classes = {
	};
	objectVersion = 46;
	objects = {

/* Begin PBXBuildFile section */
		C2743BE81CCF10A1009955B8 /* main.m in Sources */ = {isa = PBXBuildFile; fileRef = C2743BE71CCF10A1009955B8 /* main.m */; };
		C2743BEB1CCF10A1009955B8 /* AppDelegate.m in Sources */ = {isa = PBXBuildFile; fileRef = C2743BEA1CCF10A1009955B8 /* AppDelegate.m */; };
		C2743BEE1CCF10A1009955B8 /* ViewController.m in Sources */ = {isa = PBXBuildFile; fileRef = C2743BED1CCF10A1009955B8 /* ViewController.m */; };
		C2743BF11CCF10A1009955B8 /* Main.storyboard in Resources */ = {isa = PBXBuildFile; fileRef = C2743BEF1CCF10A1009955B8 /* Main.storyboard */; };
		C2743BF31CCF10A1009955B8 /* Assets.xcassets in Resources */ = {isa = PBXBuildFile; fileRef = C2743BF21CCF10A1009955B8 /* Assets.xcassets */; };
		C2743BF61CCF10A1009955B8 /* LaunchScreen.storyboard in Resources */ = {isa = PBXBuildFile; fileRef = C2743BF41CCF10A1009955B8 /* LaunchScreen.storyboard */; };
		C2743C011CCF10A1009955B8 /* YUNBannerDemoTests.m in Sources */ = {isa = PBXBuildFile; fileRef = C2743C001CCF10A1009955B8 /* YUNBannerDemoTests.m */; };
		C2743C0E1CCF1146009955B8 /* YUNBannerView.m in Sources */ = {isa = PBXBuildFile; fileRef = C2743C0D1CCF1146009955B8 /* YUNBannerView.m */; };
		C2743C111CCF22F8009955B8 /* YUNBannerFooter.m in Sources */ = {isa = PBXBuildFile; fileRef = C2743C101CCF22F8009955B8 /* YUNBannerFooter.m */; };
		C2743C141CCF2486009955B8 /* YUNBannerCell.m in Sources */ = {isa = PBXBuildFile; fileRef = C2743C131CCF2486009955B8 /* YUNBannerCell.m */; };
		C2743C181CCF290A009955B8 /* qiong.jpg in Resources */ = {isa = PBXBuildFile; fileRef = C2743C151CCF290A009955B8 /* qiong.jpg */; };
		C2743C191CCF290A009955B8 /* qiong1.jpg in Resources */ = {isa = PBXBuildFile; fileRef = C2743C161CCF290A009955B8 /* qiong1.jpg */; };
		C2743C1A1CCF290A009955B8 /* qiong2.jpg in Resources */ = {isa = PBXBuildFile; fileRef = C2743C171CCF290A009955B8 /* qiong2.jpg */; };
/* End PBXBuildFile section */

/* Begin PBXContainerItemProxy section */
		C2743BFD1CCF10A1009955B8 /* PBXContainerItemProxy */ = {
			isa = PBXContainerItemProxy;
			containerPortal = C2743BDB1CCF10A1009955B8 /* Project object */;
			proxyType = 1;
			remoteGlobalIDString = C2743BE21CCF10A1009955B8;
			remoteInfo = YUNBannerDemo;
		};
/* End PBXContainerItemProxy section */

/* Begin PBXFileReference section */
		C2743BE31CCF10A1009955B8 /* YUNBannerDemo.app */ = {isa = PBXFileReference; explicitFileType = wrapper.application; includeInIndex = 0; path = YUNBannerDemo.app; sourceTree = BUILT_PRODUCTS_DIR; };
		C2743BE71CCF10A1009955B8 /* main.m */ = {isa = PBXFileReference; lastKnownFileType = sourcecode.c.objc; path = main.m; sourceTree = "<group>"; };
		C2743BE91CCF10A1009955B8 /* AppDelegate.h */ = {isa = PBXFileReference; lastKnownFileType = sourcecode.c.h; path = AppDelegate.h; sourceTree = "<group>"; };
		C2743BEA1CCF10A1009955B8 /* AppDelegate.m */ = {isa = PBXFileReference; lastKnownFileType = sourcecode.c.objc; path = AppDelegate.m; sourceTree = "<group>"; };
		C2743BEC1CCF10A1009955B8 /* ViewController.h */ = {isa = PBXFileReference; lastKnownFileType = sourcecode.c.h; path = ViewController.h; sourceTree = "<group>"; };
		C2743BED1CCF10A1009955B8 /* ViewController.m */ = {isa = PBXFileReference; lastKnownFileType = sourcecode.c.objc; path = ViewController.m; sourceTree = "<group>"; };
		C2743BF01CCF10A1009955B8 /* Base */ = {isa = PBXFileReference; lastKnownFileType = file.storyboard; name = Base; path = Base.lproj/Main.storyboard; sourceTree = "<group>"; };
		C2743BF21CCF10A1009955B8 /* Assets.xcassets */ = {isa = PBXFileReference; lastKnownFileType = folder.assetcatalog; path = Assets.xcassets; sourceTree = "<group>"; };
		C2743BF51CCF10A1009955B8 /* Base */ = {isa = PBXFileReference; lastKnownFileType = file.storyboard; name = Base; path = Base.lproj/LaunchScreen.storyboard; sourceTree = "<group>"; };
		C2743BF71CCF10A1009955B8 /* Info.plist */ = {isa = PBXFileReference; lastKnownFileType = text.plist.xml; path = Info.plist; sourceTree = "<group>"; };
		C2743BFC1CCF10A1009955B8 /* YUNBannerDemoTests.xctest */ = {isa = PBXFileReference; explicitFileType = wrapper.cfbundle; includeInIndex = 0; path = YUNBannerDemoTests.xctest; sourceTree = BUILT_PRODUCTS_DIR; };
		C2743C001CCF10A1009955B8 /* YUNBannerDemoTests.m */ = {isa = PBXFileReference; lastKnownFileType = sourcecode.c.objc; path = YUNBannerDemoTests.m; sourceTree = "<group>"; };
		C2743C021CCF10A1009955B8 /* Info.plist */ = {isa = PBXFileReference; lastKnownFileType = text.plist.xml; path = Info.plist; sourceTree = "<group>"; };
		C2743C0C1CCF1146009955B8 /* YUNBannerView.h */ = {isa = PBXFileReference; fileEncoding = 4; lastKnownFileType = sourcecode.c.h; path = YUNBannerView.h; sourceTree = "<group>"; };
		C2743C0D1CCF1146009955B8 /* YUNBannerView.m */ = {isa = PBXFileReference; fileEncoding = 4; lastKnownFileType = sourcecode.c.objc; path = YUNBannerView.m; sourceTree = "<group>"; };
		C2743C0F1CCF22F8009955B8 /* YUNBannerFooter.h */ = {isa = PBXFileReference; fileEncoding = 4; lastKnownFileType = sourcecode.c.h; path = YUNBannerFooter.h; sourceTree = "<group>"; };
		C2743C101CCF22F8009955B8 /* YUNBannerFooter.m */ = {isa = PBXFileReference; fileEncoding = 4; lastKnownFileType = sourcecode.c.objc; path = YUNBannerFooter.m; sourceTree = "<group>"; };
		C2743C121CCF2486009955B8 /* YUNBannerCell.h */ = {isa = PBXFileReference; fileEncoding = 4; lastKnownFileType = sourcecode.c.h; path = YUNBannerCell.h; sourceTree = "<group>"; };
		C2743C131CCF2486009955B8 /* YUNBannerCell.m */ = {isa = PBXFileReference; fileEncoding = 4; lastKnownFileType = sourcecode.c.objc; path = YUNBannerCell.m; sourceTree = "<group>"; };
		C2743C151CCF290A009955B8 /* qiong.jpg */ = {isa = PBXFileReference; lastKnownFileType = image.jpeg; path = qiong.jpg; sourceTree = "<group>"; };
		C2743C161CCF290A009955B8 /* qiong1.jpg */ = {isa = PBXFileReference; lastKnownFileType = image.jpeg; path = qiong1.jpg; sourceTree = "<group>"; };
		C2743C171CCF290A009955B8 /* qiong2.jpg */ = {isa = PBXFileReference; lastKnownFileType = image.jpeg; path = qiong2.jpg; sourceTree = "<group>"; };
/* End PBXFileReference section */

/* Begin PBXFrameworksBuildPhase section */
		C2743BE01CCF10A1009955B8 /* Frameworks */ = {
			isa = PBXFrameworksBuildPhase;
			buildActionMask = 2147483647;
			files = (
			);
			runOnlyForDeploymentPostprocessing = 0;
		};
		C2743BF91CCF10A1009955B8 /* Frameworks */ = {
			isa = PBXFrameworksBuildPhase;
			buildActionMask = 2147483647;
			files = (
			);
			runOnlyForDeploymentPostprocessing = 0;
		};
/* End PBXFrameworksBuildPhase section */

/* Begin PBXGroup section */
		C2743BDA1CCF10A1009955B8 = {
			isa = PBXGroup;
			children = (
				C2743BE51CCF10A1009955B8 /* YUNBannerDemo */,
				C2743BFF1CCF10A1009955B8 /* YUNBannerDemoTests */,
				C2743BE41CCF10A1009955B8 /* Products */,
			);
			sourceTree = "<group>";
		};
		C2743BE41CCF10A1009955B8 /* Products */ = {
			isa = PBXGroup;
			children = (
				C2743BE31CCF10A1009955B8 /* YUNBannerDemo.app */,
				C2743BFC1CCF10A1009955B8 /* YUNBannerDemoTests.xctest */,
			);
			name = Products;
			sourceTree = "<group>";
		};
		C2743BE51CCF10A1009955B8 /* YUNBannerDemo */ = {
			isa = PBXGroup;
			children = (
				C2743C0B1CCF10E8009955B8 /* YUNBannerView */,
				C2743BE91CCF10A1009955B8 /* AppDelegate.h */,
				C2743BEA1CCF10A1009955B8 /* AppDelegate.m */,
				C2743BEC1CCF10A1009955B8 /* ViewController.h */,
				C2743BED1CCF10A1009955B8 /* ViewController.m */,
				C2743BEF1CCF10A1009955B8 /* Main.storyboard */,
				C2743BF21CCF10A1009955B8 /* Assets.xcassets */,
				C2743BF41CCF10A1009955B8 /* LaunchScreen.storyboard */,
				C2743BF71CCF10A1009955B8 /* Info.plist */,
				C2743BE61CCF10A1009955B8 /* Supporting Files */,
			);
			path = YUNBannerDemo;
			sourceTree = "<group>";
		};
		C2743BE61CCF10A1009955B8 /* Supporting Files */ = {
			isa = PBXGroup;
			children = (
				C2743C151CCF290A009955B8 /* qiong.jpg */,
				C2743C161CCF290A009955B8 /* qiong1.jpg */,
				C2743C171CCF290A009955B8 /* qiong2.jpg */,
				C2743BE71CCF10A1009955B8 /* main.m */,
			);
			name = "Supporting Files";
			sourceTree = "<group>";
		};
		C2743BFF1CCF10A1009955B8 /* YUNBannerDemoTests */ = {
			isa = PBXGroup;
			children = (
				C2743C001CCF10A1009955B8 /* YUNBannerDemoTests.m */,
				C2743C021CCF10A1009955B8 /* Info.plist */,
			);
			path = YUNBannerDemoTests;
			sourceTree = "<group>";
		};
		C2743C0B1CCF10E8009955B8 /* YUNBannerView */ = {
			isa = PBXGroup;
			children = (
				C2743C0C1CCF1146009955B8 /* YUNBannerView.h */,
				C2743C0D1CCF1146009955B8 /* YUNBannerView.m */,
				C2743C0F1CCF22F8009955B8 /* YUNBannerFooter.h */,
				C2743C101CCF22F8009955B8 /* YUNBannerFooter.m */,
				C2743C121CCF2486009955B8 /* YUNBannerCell.h */,
				C2743C131CCF2486009955B8 /* YUNBannerCell.m */,
			);
			path = YUNBannerView;
			sourceTree = "<group>";
		};
/* End PBXGroup section */

/* Begin PBXNativeTarget section */
		C2743BE21CCF10A1009955B8 /* YUNBannerDemo */ = {
			isa = PBXNativeTarget;
			buildConfigurationList = C2743C051CCF10A1009955B8 /* Build configuration list for PBXNativeTarget "YUNBannerDemo" */;
			buildPhases = (
				C2743BDF1CCF10A1009955B8 /* Sources */,
				C2743BE01CCF10A1009955B8 /* Frameworks */,
				C2743BE11CCF10A1009955B8 /* Resources */,
			);
			buildRules = (
			);
			dependencies = (
			);
			name = YUNBannerDemo;
			productName = YUNBannerDemo;
			productReference = C2743BE31CCF10A1009955B8 /* YUNBannerDemo.app */;
			productType = "com.apple.product-type.application";
		};
		C2743BFB1CCF10A1009955B8 /* YUNBannerDemoTests */ = {
			isa = PBXNativeTarget;
			buildConfigurationList = C2743C081CCF10A1009955B8 /* Build configuration list for PBXNativeTarget "YUNBannerDemoTests" */;
			buildPhases = (
				C2743BF81CCF10A1009955B8 /* Sources */,
				C2743BF91CCF10A1009955B8 /* Frameworks */,
				C2743BFA1CCF10A1009955B8 /* Resources */,
			);
			buildRules = (
			);
			dependencies = (
				C2743BFE1CCF10A1009955B8 /* PBXTargetDependency */,
			);
			name = YUNBannerDemoTests;
			productName = YUNBannerDemoTests;
			productReference = C2743BFC1CCF10A1009955B8 /* YUNBannerDemoTests.xctest */;
			productType = "com.apple.product-type.bundle.unit-test";
		};
/* End PBXNativeTarget section */

/* Begin PBXProject section */
		C2743BDB1CCF10A1009955B8 /* Project object */ = {
			isa = PBXProject;
			attributes = {
				LastUpgradeCheck = 0720;
				ORGANIZATIONNAME = Tordian;
				TargetAttributes = {
					C2743BE21CCF10A1009955B8 = {
						CreatedOnToolsVersion = 7.2;
					};
					C2743BFB1CCF10A1009955B8 = {
						CreatedOnToolsVersion = 7.2;
						TestTargetID = C2743BE21CCF10A1009955B8;
					};
				};
			};
			buildConfigurationList = C2743BDE1CCF10A1009955B8 /* Build configuration list for PBXProject "YUNBannerDemo" */;
			compatibilityVersion = "Xcode 3.2";
			developmentRegion = English;
			hasScannedForEncodings = 0;
			knownRegions = (
				en,
				Base,
			);
			mainGroup = C2743BDA1CCF10A1009955B8;
			productRefGroup = C2743BE41CCF10A1009955B8 /* Products */;
			projectDirPath = "";
			projectRoot = "";
			targets = (
				C2743BE21CCF10A1009955B8 /* YUNBannerDemo */,
				C2743BFB1CCF10A1009955B8 /* YUNBannerDemoTests */,
			);
		};
/* End PBXProject section */

/* Begin PBXResourcesBuildPhase section */
		C2743BE11CCF10A1009955B8 /* Resources */ = {
			isa = PBXResourcesBuildPhase;
			buildActionMask = 2147483647;
			files = (
				C2743BF61CCF10A1009955B8 /* LaunchScreen.storyboard in Resources */,
				C2743BF31CCF10A1009955B8 /* Assets.xcassets in Resources */,
				C2743C181CCF290A009955B8 /* qiong.jpg in Resources */,
				C2743BF11CCF10A1009955B8 /* Main.storyboard in Resources */,
				C2743C191CCF290A009955B8 /* qiong1.jpg in Resources */,
				C2743C1A1CCF290A009955B8 /* qiong2.jpg in Resources */,
			);
			runOnlyForDeploymentPostprocessing = 0;
		};
		C2743BFA1CCF10A1009955B8 /* Resources */ = {
			isa = PBXResourcesBuildPhase;
			buildActionMask = 2147483647;
			files = (
			);
			runOnlyForDeploymentPostprocessing = 0;
		};
/* End PBXResourcesBuildPhase section */

/* Begin PBXSourcesBuildPhase section */
		C2743BDF1CCF10A1009955B8 /* Sources */ = {
			isa = PBXSourcesBuildPhase;
			buildActionMask = 2147483647;
			files = (
				C2743BEE1CCF10A1009955B8 /* ViewController.m in Sources */,
				C2743BEB1CCF10A1009955B8 /* AppDelegate.m in Sources */,
				C2743C141CCF2486009955B8 /* YUNBannerCell.m in Sources */,
				C2743BE81CCF10A1009955B8 /* main.m in Sources */,
				C2743C111CCF22F8009955B8 /* YUNBannerFooter.m in Sources */,
				C2743C0E1CCF1146009955B8 /* YUNBannerView.m in Sources */,
			);
			runOnlyForDeploymentPostprocessing = 0;
		};
		C2743BF81CCF10A1009955B8 /* Sources */ = {
			isa = PBXSourcesBuildPhase;
			buildActionMask = 2147483647;
			files = (
				C2743C011CCF10A1009955B8 /* YUNBannerDemoTests.m in Sources */,
			);
			runOnlyForDeploymentPostprocessing = 0;
		};
/* End PBXSourcesBuildPhase section */

/* Begin PBXTargetDependency section */
		C2743BFE1CCF10A1009955B8 /* PBXTargetDependency */ = {
			isa = PBXTargetDependency;
			target = C2743BE21CCF10A1009955B8 /* YUNBannerDemo */;
			targetProxy = C2743BFD1CCF10A1009955B8 /* PBXContainerItemProxy */;
		};
/* End PBXTargetDependency section */

/* Begin PBXVariantGroup section */
		C2743BEF1CCF10A1009955B8 /* Main.storyboard */ = {
			isa = PBXVariantGroup;
			children = (
				C2743BF01CCF10A1009955B8 /* Base */,
			);
			name = Main.storyboard;
			sourceTree = "<group>";
		};
		C2743BF41CCF10A1009955B8 /* LaunchScreen.storyboard */ = {
			isa = PBXVariantGroup;
			children = (
				C2743BF51CCF10A1009955B8 /* Base */,
			);
			name = LaunchScreen.storyboard;
			sourceTree = "<group>";
		};
/* End PBXVariantGroup section */

/* Begin XCBuildConfiguration section */
		C2743C031CCF10A1009955B8 /* Debug */ = {
			isa = XCBuildConfiguration;
			buildSettings = {
				ALWAYS_SEARCH_USER_PATHS = NO;
				CLANG_CXX_LANGUAGE_STANDARD = "gnu++0x";
				CLANG_CXX_LIBRARY = "libc++";
				CLANG_ENABLE_MODULES = YES;
				CLANG_ENABLE_OBJC_ARC = YES;
				CLANG_WARN_BOOL_CONVERSION = YES;
				CLANG_WARN_CONSTANT_CONVERSION = YES;
				CLANG_WARN_DIRECT_OBJC_ISA_USAGE = YES_ERROR;
				CLANG_WARN_EMPTY_BODY = YES;
				CLANG_WARN_ENUM_CONVERSION = YES;
				CLANG_WARN_INT_CONVERSION = YES;
				CLANG_WARN_OBJC_ROOT_CLASS = YES_ERROR;
				CLANG_WARN_UNREACHABLE_CODE = YES;
				CLANG_WARN__DUPLICATE_METHOD_MATCH = YES;
				"CODE_SIGN_IDENTITY[sdk=iphoneos*]" = "iPhone Developer";
				COPY_PHASE_STRIP = NO;
				DEBUG_INFORMATION_FORMAT = dwarf;
				ENABLE_STRICT_OBJC_MSGSEND = YES;
				ENABLE_TESTABILITY = YES;
				GCC_C_LANGUAGE_STANDARD = gnu99;
				GCC_DYNAMIC_NO_PIC = NO;
				GCC_NO_COMMON_BLOCKS = YES;
				GCC_OPTIMIZATION_LEVEL = 0;
				GCC_PREPROCESSOR_DEFINITIONS = (
					"DEBUG=1",
					"$(inherited)",
				);
				GCC_WARN_64_TO_32_BIT_CONVERSION = YES;
				GCC_WARN_ABOUT_RETURN_TYPE = YES_ERROR;
				GCC_WARN_UNDECLARED_SELECTOR = YES;
				GCC_WARN_UNINITIALIZED_AUTOS = YES_AGGRESSIVE;
				GCC_WARN_UNUSED_FUNCTION = YES;
				GCC_WARN_UNUSED_VARIABLE = YES;
				IPHONEOS_DEPLOYMENT_TARGET = 9.2;
				MTL_ENABLE_DEBUG_INFO = YES;
				ONLY_ACTIVE_ARCH = YES;
				SDKROOT = iphoneos;
				TARGETED_DEVICE_FAMILY = "1,2";
			};
			name = Debug;
		};
		C2743C041CCF10A1009955B8 /* Release */ = {
			isa = XCBuildConfiguration;
			buildSettings = {
				ALWAYS_SEARCH_USER_PATHS = NO;
				CLANG_CXX_LANGUAGE_STANDARD = "gnu++0x";
				CLANG_CXX_LIBRARY = "libc++";
				CLANG_ENABLE_MODULES = YES;
				CLANG_ENABLE_OBJC_ARC = YES;
				CLANG_WARN_BOOL_CONVERSION = YES;
				CLANG_WARN_CONSTANT_CONVERSION = YES;
				CLANG_WARN_DIRECT_OBJC_ISA_USAGE = YES_ERROR;
				CLANG_WARN_EMPTY_BODY = YES;
				CLANG_WARN_ENUM_CONVERSION = YES;
				CLANG_WARN_INT_CONVERSION = YES;
				CLANG_WARN_OBJC_ROOT_CLASS = YES_ERROR;
				CLANG_WARN_UNREACHABLE_CODE = YES;
				CLANG_WARN__DUPLICATE_METHOD_MATCH = YES;
				"CODE_SIGN_IDENTITY[sdk=iphoneos*]" = "iPhone Developer";
				COPY_PHASE_STRIP = NO;
				DEBUG_INFORMATION_FORMAT = "dwarf-with-dsym";
				ENABLE_NS_ASSERTIONS = NO;
				ENABLE_STRICT_OBJC_MSGSEND = YES;
				GCC_C_LANGUAGE_STANDARD = gnu99;
				GCC_NO_COMMON_BLOCKS = YES;
				GCC_WARN_64_TO_32_BIT_CONVERSION = YES;
				GCC_WARN_ABOUT_RETURN_TYPE = YES_ERROR;
				GCC_WARN_UNDECLARED_SELECTOR = YES;
				GCC_WARN_UNINITIALIZED_AUTOS = YES_AGGRESSIVE;
				GCC_WARN_UNUSED_FUNCTION = YES;
				GCC_WARN_UNUSED_VARIABLE = YES;
				IPHONEOS_DEPLOYMENT_TARGET = 9.2;
				MTL_ENABLE_DEBUG_INFO = NO;
				SDKROOT = iphoneos;
				TARGETED_DEVICE_FAMILY = "1,2";
				VALIDATE_PRODUCT = YES;
			};
			name = Release;
		};
		C2743C061CCF10A1009955B8 /* Debug */ = {
			isa = XCBuildConfiguration;
			buildSettings = {
				ASSETCATALOG_COMPILER_APPICON_NAME = AppIcon;
				INFOPLIST_FILE = YUNBannerDemo/Info.plist;
				LD_RUNPATH_SEARCH_PATHS = "$(inherited) @executable_path/Frameworks";
				PRODUCT_BUNDLE_IDENTIFIER = com.tordian.YUNBannerDemo;
				PRODUCT_NAME = "$(TARGET_NAME)";
			};
			name = Debug;
		};
		C2743C071CCF10A1009955B8 /* Release */ = {
			isa = XCBuildConfiguration;
			buildSettings = {
				ASSETCATALOG_COMPILER_APPICON_NAME = AppIcon;
				INFOPLIST_FILE = YUNBannerDemo/Info.plist;
				LD_RUNPATH_SEARCH_PATHS = "$(inherited) @executable_path/Frameworks";
				PRODUCT_BUNDLE_IDENTIFIER = com.tordian.YUNBannerDemo;
				PRODUCT_NAME = "$(TARGET_NAME)";
			};
			name = Release;
		};
		C2743C091CCF10A1009955B8 /* Debug */ = {
			isa = XCBuildConfiguration;
			buildSettings = {
				BUNDLE_LOADER = "$(TEST_HOST)";
				INFOPLIST_FILE = YUNBannerDemoTests/Info.plist;
				LD_RUNPATH_SEARCH_PATHS = "$(inherited) @executable_path/Frameworks @loader_path/Frameworks";
				PRODUCT_BUNDLE_IDENTIFIER = com.tordian.YUNBannerDemoTests;
				PRODUCT_NAME = "$(TARGET_NAME)";
				TEST_HOST = "$(BUILT_PRODUCTS_DIR)/YUNBannerDemo.app/YUNBannerDemo";
			};
			name = Debug;
		};
		C2743C0A1CCF10A1009955B8 /* Release */ = {
			isa = XCBuildConfiguration;
			buildSettings = {
				BUNDLE_LOADER = "$(TEST_HOST)";
				INFOPLIST_FILE = YUNBannerDemoTests/Info.plist;
				LD_RUNPATH_SEARCH_PATHS = "$(inherited) @executable_path/Frameworks @loader_path/Frameworks";
				PRODUCT_BUNDLE_IDENTIFIER = com.tordian.YUNBannerDemoTests;
				PRODUCT_NAME = "$(TARGET_NAME)";
				TEST_HOST = "$(BUILT_PRODUCTS_DIR)/YUNBannerDemo.app/YUNBannerDemo";
			};
			name = Release;
		};
/* End XCBuildConfiguration section */

/* Begin XCConfigurationList section */
		C2743BDE1CCF10A1009955B8 /* Build configuration list for PBXProject "YUNBannerDemo" */ = {
			isa = XCConfigurationList;
			buildConfigurations = (
				C2743C031CCF10A1009955B8 /* Debug */,
				C2743C041CCF10A1009955B8 /* Release */,
			);
			defaultConfigurationIsVisible = 0;
			defaultConfigurationName = Release;
		};
		C2743C051CCF10A1009955B8 /* Build configuration list for PBXNativeTarget "YUNBannerDemo" */ = {
			isa = XCConfigurationList;
			buildConfigurations = (
				C2743C061CCF10A1009955B8 /* Debug */,
				C2743C071CCF10A1009955B8 /* Release */,
			);
			defaultConfigurationIsVisible = 0;
		};
		C2743C081CCF10A1009955B8 /* Build configuration list for PBXNativeTarget "YUNBannerDemoTests" */ = {
			isa = XCConfigurationList;
			buildConfigurations = (
				C2743C091CCF10A1009955B8 /* Debug */,
				C2743C0A1CCF10A1009955B8 /* Release */,
			);
			defaultConfigurationIsVisible = 0;
		};
/* End XCConfigurationList section */
	};
	rootObject = C2743BDB1CCF10A1009955B8 /* Project object */;
}
